
Microsoft Visual Studio Solution File, Format Version 12.00
# Visual Studio Version 17
VisualStudioVersion = 17.5.33414.496
MinimumVisualStudioVersion = 10.0.40219.1
Project("{2150E333-8FDC-42A3-9474-1A3956D46DE8}") = "src", "src", "{CA8DED9E-BAC5-423D-A5DA-55265A72156E}"
EndProject
Project("{2150E333-8FDC-42A3-9474-1A3956D46DE8}") = "Building Block", "Building Block", "{CDB4D649-1ED0-43E0-9A48-51435BE641A5}"
EndProject
Project("{2150E333-8FDC-42A3-9474-1A3956D46DE8}") = "Services", "Services", "{A1F3DA65-78A8-4329-96A1-3C6670859603}"
EndProject
Project("{2150E333-8FDC-42A3-9474-1A3956D46DE8}") = "Web", "Web", "{2F74494F-08D4-46AA-AC6C-4F1B88796AD0}"
EndProject
Project("{2150E333-8FDC-42A3-9474-1A3956D46DE8}") = "Identidade", "Identidade", "{0E049BFE-C430-4A98-BAFA-A004B5139157}"
EndProject
Project("{2150E333-8FDC-42A3-9474-1A3956D46DE8}") = "Usuario", "Usuario", "{FC477FC4-24B9-478B-AD6B-FCF25CD3182D}"
EndProject
Project("{9A19103F-16F7-4668-BE54-9A1E7A4F7556}") = "IPS.Identidade.API", "src\services\IPS.Identidade.API\IPS.Identidade.API.csproj", "{AF3ACB57-98A9-49E3-B61E-F7D9BCA65593}"
EndProject
Project("{2150E333-8FDC-42A3-9474-1A3956D46DE8}") = "Services", "Services", "{2AED1BFB-1B48-4DF6-BFB5-4324DA7C1D03}"
EndProject
Project("{9A19103F-16F7-4668-BE54-9A1E7A4F7556}") = "IPS.WebApi.Core", "src\building blocks\IPS.WebApi.Core\IPS.WebApi.Core.csproj", "{904E66E6-001C-436C-87F3-425A8D3948EF}"
EndProject
Project("{9A19103F-16F7-4668-BE54-9A1E7A4F7556}") = "IPS.Usuario.API", "src\services\IPS.Usuario.API\IPS.Usuario.API.csproj", "{05BDA95B-16B0-4CEB-AE07-59FDF1A61E22}"
EndProject
Project("{2150E333-8FDC-42A3-9474-1A3956D46DE8}") = "Core", "Core", "{E0494536-5894-41A3-A0CA-FA8E5EA6446B}"
EndProject
Project("{9A19103F-16F7-4668-BE54-9A1E7A4F7556}") = "IPS.Core", "src\building blocks\IPS.Core\IPS.Core.csproj", "{D1BDEE51-1579-4A58-A427-56A2BF2E382F}"
EndProject
Project("{2150E333-8FDC-42A3-9474-1A3956D46DE8}") = "MessageBus", "MessageBus", "{4860FF1B-C829-414B-984B-F000A8D825CB}"
EndProject
Project("{FAE04EC0-301F-11D3-BF4B-00C04F79EFBC}") = "IPS.MessageBus", "src\building blocks\IPS.MessageBus\IPS.MessageBus.csproj", "{DE4FEE50-2FE8-4C7E-B3F8-1DA58C530EAE}"
EndProject
Global
	GlobalSection(SolutionConfigurationPlatforms) = preSolution
		Debug|Any CPU = Debug|Any CPU
		Release|Any CPU = Release|Any CPU
	EndGlobalSection
	GlobalSection(ProjectConfigurationPlatforms) = postSolution
		{AF3ACB57-98A9-49E3-B61E-F7D9BCA65593}.Debug|Any CPU.ActiveCfg = Debug|Any CPU
		{AF3ACB57-98A9-49E3-B61E-F7D9BCA65593}.Debug|Any CPU.Build.0 = Debug|Any CPU
		{AF3ACB57-98A9-49E3-B61E-F7D9BCA65593}.Release|Any CPU.ActiveCfg = Release|Any CPU
		{AF3ACB57-98A9-49E3-B61E-F7D9BCA65593}.Release|Any CPU.Build.0 = Release|Any CPU
		{904E66E6-001C-436C-87F3-425A8D3948EF}.Debug|Any CPU.ActiveCfg = Debug|Any CPU
		{904E66E6-001C-436C-87F3-425A8D3948EF}.Debug|Any CPU.Build.0 = Debug|Any CPU
		{904E66E6-001C-436C-87F3-425A8D3948EF}.Release|Any CPU.ActiveCfg = Release|Any CPU
		{904E66E6-001C-436C-87F3-425A8D3948EF}.Release|Any CPU.Build.0 = Release|Any CPU
		{05BDA95B-16B0-4CEB-AE07-59FDF1A61E22}.Debug|Any CPU.ActiveCfg = Debug|Any CPU
		{05BDA95B-16B0-4CEB-AE07-59FDF1A61E22}.Debug|Any CPU.Build.0 = Debug|Any CPU
		{05BDA95B-16B0-4CEB-AE07-59FDF1A61E22}.Release|Any CPU.ActiveCfg = Release|Any CPU
		{05BDA95B-16B0-4CEB-AE07-59FDF1A61E22}.Release|Any CPU.Build.0 = Release|Any CPU
		{D1BDEE51-1579-4A58-A427-56A2BF2E382F}.Debug|Any CPU.ActiveCfg = Debug|Any CPU
		{D1BDEE51-1579-4A58-A427-56A2BF2E382F}.Debug|Any CPU.Build.0 = Debug|Any CPU
		{D1BDEE51-1579-4A58-A427-56A2BF2E382F}.Release|Any CPU.ActiveCfg = Release|Any CPU
		{D1BDEE51-1579-4A58-A427-56A2BF2E382F}.Release|Any CPU.Build.0 = Release|Any CPU
		{DE4FEE50-2FE8-4C7E-B3F8-1DA58C530EAE}.Debug|Any CPU.ActiveCfg = Debug|Any CPU
		{DE4FEE50-2FE8-4C7E-B3F8-1DA58C530EAE}.Debug|Any CPU.Build.0 = Debug|Any CPU
		{DE4FEE50-2FE8-4C7E-B3F8-1DA58C530EAE}.Release|Any CPU.ActiveCfg = Release|Any CPU
		{DE4FEE50-2FE8-4C7E-B3F8-1DA58C530EAE}.Release|Any CPU.Build.0 = Release|Any CPU
	EndGlobalSection
	GlobalSection(SolutionProperties) = preSolution
		HideSolutionNode = FALSE
	EndGlobalSection
	GlobalSection(NestedProjects) = preSolution
		{CDB4D649-1ED0-43E0-9A48-51435BE641A5} = {CA8DED9E-BAC5-423D-A5DA-55265A72156E}
		{A1F3DA65-78A8-4329-96A1-3C6670859603} = {CA8DED9E-BAC5-423D-A5DA-55265A72156E}
		{2F74494F-08D4-46AA-AC6C-4F1B88796AD0} = {CA8DED9E-BAC5-423D-A5DA-55265A72156E}
		{0E049BFE-C430-4A98-BAFA-A004B5139157} = {A1F3DA65-78A8-4329-96A1-3C6670859603}
		{FC477FC4-24B9-478B-AD6B-FCF25CD3182D} = {A1F3DA65-78A8-4329-96A1-3C6670859603}
		{AF3ACB57-98A9-49E3-B61E-F7D9BCA65593} = {0E049BFE-C430-4A98-BAFA-A004B5139157}
		{2AED1BFB-1B48-4DF6-BFB5-4324DA7C1D03} = {CDB4D649-1ED0-43E0-9A48-51435BE641A5}
		{904E66E6-001C-436C-87F3-425A8D3948EF} = {2AED1BFB-1B48-4DF6-BFB5-4324DA7C1D03}
		{05BDA95B-16B0-4CEB-AE07-59FDF1A61E22} = {FC477FC4-24B9-478B-AD6B-FCF25CD3182D}
		{E0494536-5894-41A3-A0CA-FA8E5EA6446B} = {CDB4D649-1ED0-43E0-9A48-51435BE641A5}
		{D1BDEE51-1579-4A58-A427-56A2BF2E382F} = {E0494536-5894-41A3-A0CA-FA8E5EA6446B}
		{4860FF1B-C829-414B-984B-F000A8D825CB} = {CDB4D649-1ED0-43E0-9A48-51435BE641A5}
		{DE4FEE50-2FE8-4C7E-B3F8-1DA58C530EAE} = {4860FF1B-C829-414B-984B-F000A8D825CB}
	EndGlobalSection
	GlobalSection(ExtensibilityGlobals) = postSolution
		SolutionGuid = {B0BCECAE-EA9B-44F2-B5DD-C6DC81FF2B2C}
	EndGlobalSection
EndGlobal
